{
  "name": "bun-docsandtest",
  "lockfileVersion": 2,
  "requires": true,
  "packages": {
    "": {
      "name": "bun-docsandtest",
      "devDependencies": {
        "bun-types": "latest"
      },
      "peerDependencies": {
        "typescript": "^5.0.0"
      }
    },
    "node_modules/@types/node": {
      "version": "20.12.14",
      "dev": true,
      "license": "MIT",
      "dependencies": {
        "undici-types": "~5.26.4"
      }
    },
    "node_modules/@types/ws": {
      "version": "8.5.12",
      "dev": true,
      "license": "MIT",
      "dependencies": {
        "@types/node": "*"
      }
    },
    "node_modules/@types/ws/node_modules/@types/node": {
      "version": "22.5.0",
      "dev": true,
      "license": "MIT",
      "dependencies": {
        "undici-types": "~6.19.2"
      }
    },
    "node_modules/@types/ws/node_modules/@types/node/node_modules/undici-types": {
      "version": "6.19.8",
      "dev": true,
      "license": "MIT"
    },
    "node_modules/bun-types": {
      "version": "1.1.25",
      "resolved": "https://nexus.truesight.asia/repository/npm-registry/bun-types/-/bun-types-1.1.25.tgz",
      "integrity": "sha512-WpRb8/N3S5IE8UYdIn39+0Is1XzxsC78+MCe5cIdaer0lfFs6+DREtQH9TM6KJNKTxBYDvbx81RwbvxS5+CkVQ==",
      "dev": true,
      "license": "MIT",
      "dependencies": {
        "@types/node": "~20.12.8",
        "@types/ws": "~8.5.10"
      }
    },
    "node_modules/typescript": {
      "version": "5.5.4",
      "resolved": "https://nexus.truesight.asia/repository/npm-registry/typescript/-/typescript-5.5.4.tgz",
      "integrity": "sha512-Mtq29sKDAEYP7aljRgtPOpTvOfbwRWlS6dPRzwjdE+C0R4brX/GUyhHSecbHMFLNBLcJIPt9nl9yG5TZ1weH+Q==",
      "license": "Apache-2.0",
      "peer": true,
      "bin": {
        "tsc": "bin/tsc",
        "tsserver": "bin/tsserver"
      },
      "engines": {
        "node": ">=14.17"
      }
    },
    "node_modules/undici-types": {
      "version": "5.26.5",
      "dev": true,
      "license": "MIT"
    }
  },
  "dependencies": {
    "@types/node": {
      "version": "20.12.14",
      "dev": true,
      "requires": {
        "undici-types": "~5.26.4"
      }
    },
    "@types/ws": {
      "version": "8.5.12",
      "dev": true,
      "requires": {
        "@types/node": "*"
      },
      "dependencies": {
        "@types/node": {
          "version": "22.5.0",
          "dev": true,
          "requires": {
            "undici-types": "~6.19.2"
          },
          "dependencies": {
            "undici-types": {
              "version": "6.19.8",
              "dev": true
            }
          }
        }
      }
    },
    "bun-types": {
      "version": "1.1.25",
      "resolved": "https://nexus.truesight.asia/repository/npm-registry/bun-types/-/bun-types-1.1.25.tgz",
      "integrity": "sha512-WpRb8/N3S5IE8UYdIn39+0Is1XzxsC78+MCe5cIdaer0lfFs6+DREtQH9TM6KJNKTxBYDvbx81RwbvxS5+CkVQ==",
      "dev": true,
      "requires": {
        "@types/node": "~20.12.8",
        "@types/ws": "~8.5.10"
      }
    },
    "typescript": {
      "version": "5.5.4",
      "resolved": "https://nexus.truesight.asia/repository/npm-registry/typescript/-/typescript-5.5.4.tgz",
      "integrity": "sha512-Mtq29sKDAEYP7aljRgtPOpTvOfbwRWlS6dPRzwjdE+C0R4brX/GUyhHSecbHMFLNBLcJIPt9nl9yG5TZ1weH+Q==",
      "peer": true
    },
    "undici-types": {
      "version": "5.26.5",
      "dev": true
    }
  }
}
